
Microsoft Visual Studio Solution File, Format Version 12.00
# Visual Studio Version 17
VisualStudioVersion = 17.6.33712.159
MinimumVisualStudioVersion = 10.0.40219.1
Project("{8BC9CEB8-8B4A-11D0-8D11-00A0C91BC942}") = "Baseball", "Baseball\Baseball.vcxproj", "{8A18EDAD-115D-4295-B63A-54546BD3865C}"
EndProject
Project("{8BC9CEB8-8B4A-11D0-8D11-00A0C91BC942}") = "Sample-Test1", "Sample-Test1\Sample-Test1.vcxproj", "{D63FA1DD-0D91-410C-A80D-FB86954703E9}"
EndProject
Project("{2150E333-8FDC-42A3-9474-1A3956D46DE8}") = "솔루션 항목", "솔루션 항목", "{27DB0EF8-1899-44FD-885B-053720560808}"
	ProjectSection(SolutionItems) = preProject
		README.md = README.md
	EndProjectSection
EndProject
Global
	GlobalSection(SolutionConfigurationPlatforms) = preSolution
		Debug|x64 = Debug|x64
		Debug|x86 = Debug|x86
		Release|x64 = Release|x64
		Release|x86 = Release|x86
	EndGlobalSection
	GlobalSection(ProjectConfigurationPlatforms) = postSolution
		{8A18EDAD-115D-4295-B63A-54546BD3865C}.Debug|x64.ActiveCfg = Debug|x64
		{8A18EDAD-115D-4295-B63A-54546BD3865C}.Debug|x64.Build.0 = Debug|x64
		{8A18EDAD-115D-4295-B63A-54546BD3865C}.Debug|x86.ActiveCfg = Debug|Win32
		{8A18EDAD-115D-4295-B63A-54546BD3865C}.Debug|x86.Build.0 = Debug|Win32
		{8A18EDAD-115D-4295-B63A-54546BD3865C}.Release|x64.ActiveCfg = Release|x64
		{8A18EDAD-115D-4295-B63A-54546BD3865C}.Release|x64.Build.0 = Release|x64
		{8A18EDAD-115D-4295-B63A-54546BD3865C}.Release|x86.ActiveCfg = Release|Win32
		{8A18EDAD-115D-4295-B63A-54546BD3865C}.Release|x86.Build.0 = Release|Win32
		{D63FA1DD-0D91-410C-A80D-FB86954703E9}.Debug|x64.ActiveCfg = Debug|x64
		{D63FA1DD-0D91-410C-A80D-FB86954703E9}.Debug|x64.Build.0 = Debug|x64
		{D63FA1DD-0D91-410C-A80D-FB86954703E9}.Debug|x86.ActiveCfg = Debug|Win32
		{D63FA1DD-0D91-410C-A80D-FB86954703E9}.Debug|x86.Build.0 = Debug|Win32
		{D63FA1DD-0D91-410C-A80D-FB86954703E9}.Release|x64.ActiveCfg = Release|x64
		{D63FA1DD-0D91-410C-A80D-FB86954703E9}.Release|x64.Build.0 = Release|x64
		{D63FA1DD-0D91-410C-A80D-FB86954703E9}.Release|x86.ActiveCfg = Release|Win32
		{D63FA1DD-0D91-410C-A80D-FB86954703E9}.Release|x86.Build.0 = Release|Win32
	EndGlobalSection
	GlobalSection(SolutionProperties) = preSolution
		HideSolutionNode = FALSE
	EndGlobalSection
	GlobalSection(ExtensibilityGlobals) = postSolution
		SolutionGuid = {17369A4E-1F53-41C6-AE2F-EDF2EFCC0699}
	EndGlobalSection
EndGlobal
